
Microsoft Visual Studio Solution File, Format Version 12.00
# Visual Studio Version 17
VisualStudioVersion = 17.9.34616.47
MinimumVisualStudioVersion = 10.0.40219.1
Project("{9A19103F-16F7-4668-BE54-9A1E7A4F7556}") = "CosmicViewApi", "CosmicView\CosmicViewApi.csproj", "{1A36FD72-BD04-40C4-B638-E0900152D299}"
EndProject
Project("{FAE04EC0-301F-11D3-BF4B-00C04F79EFBC}") = "CosmicViewMvc", "CosmicViewMvc\CosmicViewMvc.csproj", "{3FAABC28-F8C8-475A-891D-F3BA056EBFF0}"
EndProject
Project("{FAE04EC0-301F-11D3-BF4B-00C04F79EFBC}") = "CosmicViewSharedLib", "CosmicViewSharedLib\CosmicViewSharedLib.csproj", "{4C0D1FBF-2D65-4BB7-8070-0DBB8DFC5394}"
EndProject
Global
	GlobalSection(SolutionConfigurationPlatforms) = preSolution
		Debug|Any CPU = Debug|Any CPU
		Release|Any CPU = Release|Any CPU
	EndGlobalSection
	GlobalSection(ProjectConfigurationPlatforms) = postSolution
		{1A36FD72-BD04-40C4-B638-E0900152D299}.Debug|Any CPU.ActiveCfg = Debug|Any CPU
		{1A36FD72-BD04-40C4-B638-E0900152D299}.Debug|Any CPU.Build.0 = Debug|Any CPU
		{1A36FD72-BD04-40C4-B638-E0900152D299}.Release|Any CPU.ActiveCfg = Release|Any CPU
		{1A36FD72-BD04-40C4-B638-E0900152D299}.Release|Any CPU.Build.0 = Release|Any CPU
		{3FAABC28-F8C8-475A-891D-F3BA056EBFF0}.Debug|Any CPU.ActiveCfg = Debug|Any CPU
		{3FAABC28-F8C8-475A-891D-F3BA056EBFF0}.Debug|Any CPU.Build.0 = Debug|Any CPU
		{3FAABC28-F8C8-475A-891D-F3BA056EBFF0}.Release|Any CPU.ActiveCfg = Release|Any CPU
		{3FAABC28-F8C8-475A-891D-F3BA056EBFF0}.Release|Any CPU.Build.0 = Release|Any CPU
		{4C0D1FBF-2D65-4BB7-8070-0DBB8DFC5394}.Debug|Any CPU.ActiveCfg = Debug|Any CPU
		{4C0D1FBF-2D65-4BB7-8070-0DBB8DFC5394}.Debug|Any CPU.Build.0 = Debug|Any CPU
		{4C0D1FBF-2D65-4BB7-8070-0DBB8DFC5394}.Release|Any CPU.ActiveCfg = Release|Any CPU
		{4C0D1FBF-2D65-4BB7-8070-0DBB8DFC5394}.Release|Any CPU.Build.0 = Release|Any CPU
	EndGlobalSection
	GlobalSection(SolutionProperties) = preSolution
		HideSolutionNode = FALSE
	EndGlobalSection
	GlobalSection(ExtensibilityGlobals) = postSolution
		SolutionGuid = {BE502228-A3F2-4C22-9ABB-F8606AD47DEF}
	EndGlobalSection
EndGlobal
